
Microsoft Visual Studio Solution File, Format Version 12.00
# Visual Studio Version 17
VisualStudioVersion = 17.2.32630.192
MinimumVisualStudioVersion = 10.0.40219.1
Project("{FAE04EC0-301F-11D3-BF4B-00C04F79EFBC}") = "CoreMvc5_NorthwindPagination", "CoreMvc5_NorthwindPagination\CoreMvc5_NorthwindPagination.csproj", "{B71D554F-F9CB-4F80-B602-F4B38F4B8053}"
EndProject
Global
	GlobalSection(SolutionConfigurationPlatforms) = preSolution
		Debug|Any CPU = Debug|Any CPU
		Release|Any CPU = Release|Any CPU
	EndGlobalSection
	GlobalSection(ProjectConfigurationPlatforms) = postSolution
		{B71D554F-F9CB-4F80-B602-F4B38F4B8053}.Debug|Any CPU.ActiveCfg = Debug|Any CPU
		{B71D554F-F9CB-4F80-B602-F4B38F4B8053}.Debug|Any CPU.Build.0 = Debug|Any CPU
		{B71D554F-F9CB-4F80-B602-F4B38F4B8053}.Release|Any CPU.ActiveCfg = Release|Any CPU
		{B71D554F-F9CB-4F80-B602-F4B38F4B8053}.Release|Any CPU.Build.0 = Release|Any CPU
	EndGlobalSection
	GlobalSection(SolutionProperties) = preSolution
		HideSolutionNode = FALSE
	EndGlobalSection
	GlobalSection(ExtensibilityGlobals) = postSolution
		SolutionGuid = {E6B5C61B-5D74-4719-8957-EDD0A6DA98F4}
	EndGlobalSection
EndGlobal
